
Microsoft Visual Studio Solution File, Format Version 12.00
# Visual Studio 2013
VisualStudioVersion = 12.0.31101.0
MinimumVisualStudioVersion = 10.0.40219.1
Project("{8BC9CEB8-8B4A-11D0-8D11-00A0C91BC942}") = "demo.console", "demo.console\demo.console.vcxproj", "{BFB8F213-CF2C-4DB3-B94F-BC40B35DA49D}"
EndProject
Project("{2150E333-8FDC-42A3-9474-1A3956D46DE8}") = "demo.app.cs", "demo.app.cs", "{059D78F8-64D8-4B11-A0FC-0DCC962F96DC}"
EndProject
Project("{D954291E-2A0B-460D-934E-DC6B0785DB48}") = "demo.app.cs.Shared", "demo.app.cs\demo.app.cs.Shared\demo.app.cs.Shared.shproj", "{7EC5B8B4-511B-4DE1-A29C-B348796EAE5B}"
EndProject
Project("{FAE04EC0-301F-11D3-BF4B-00C04F79EFBC}") = "demo.app.cs.Windows", "demo.app.cs\demo.app.cs.Windows\demo.app.cs.Windows.csproj", "{D3C4E681-14F5-42DB-A5D2-69FE83626223}"
EndProject
Project("{FAE04EC0-301F-11D3-BF4B-00C04F79EFBC}") = "demo.app.cs.WindowsPhone", "demo.app.cs\demo.app.cs.WindowsPhone\demo.app.cs.WindowsPhone.csproj", "{5A28D13D-0C06-4ADB-8E0B-471F09CB1D5A}"
EndProject
Project("{8BC9CEB8-8B4A-11D0-8D11-00A0C91BC942}") = "Demo", "demo\demo.vcxproj", "{60A7A85F-0E4F-4E03-8914-1310DE5967F4}"
EndProject
Project("{8BC9CEB8-8B4A-11D0-8D11-00A0C91BC942}") = "DemoMix", "DemoMix\DemoMix.vcxproj", "{04D7A9CC-1855-4B20-8536-7FB0233E18CF}"
EndProject
Project("{8BC9CEB8-8B4A-11D0-8D11-00A0C91BC942}") = "demo.dot", "demo.dot\demo.dot.vcxproj", "{6B6246D9-FAF2-403D-A98E-8147D695D5A1}"
EndProject
Global
	GlobalSection(SharedMSBuildProjectFiles) = preSolution
		demo.app.cs\demo.app.cs.Shared\demo.app.cs.Shared.projitems*{7ec5b8b4-511b-4de1-a29c-b348796eae5b}*SharedItemsImports = 13
		demo.app.cs\demo.app.cs.Shared\demo.app.cs.Shared.projitems*{d3c4e681-14f5-42db-a5d2-69fe83626223}*SharedItemsImports = 4
		demo.app.cs\demo.app.cs.Shared\demo.app.cs.Shared.projitems*{5a28d13d-0c06-4adb-8e0b-471f09cb1d5a}*SharedItemsImports = 4
	EndGlobalSection
	GlobalSection(SolutionConfigurationPlatforms) = preSolution
		Debug|Any CPU = Debug|Any CPU
		Debug|x64 = Debug|x64
		Debug|x86 = Debug|x86
		Release|Any CPU = Release|Any CPU
		Release|x64 = Release|x64
		Release|x86 = Release|x86
	EndGlobalSection
	GlobalSection(ProjectConfigurationPlatforms) = postSolution
		{BFB8F213-CF2C-4DB3-B94F-BC40B35DA49D}.Debug|Any CPU.ActiveCfg = Debug|Win32
		{BFB8F213-CF2C-4DB3-B94F-BC40B35DA49D}.Debug|x64.ActiveCfg = Debug|x64
		{BFB8F213-CF2C-4DB3-B94F-BC40B35DA49D}.Debug|x64.Build.0 = Debug|x64
		{BFB8F213-CF2C-4DB3-B94F-BC40B35DA49D}.Debug|x86.ActiveCfg = Debug|Win32
		{BFB8F213-CF2C-4DB3-B94F-BC40B35DA49D}.Debug|x86.Build.0 = Debug|Win32
		{BFB8F213-CF2C-4DB3-B94F-BC40B35DA49D}.Release|Any CPU.ActiveCfg = Release|Win32
		{BFB8F213-CF2C-4DB3-B94F-BC40B35DA49D}.Release|x64.ActiveCfg = Release|x64
		{BFB8F213-CF2C-4DB3-B94F-BC40B35DA49D}.Release|x64.Build.0 = Release|x64
		{BFB8F213-CF2C-4DB3-B94F-BC40B35DA49D}.Release|x86.ActiveCfg = Release|Win32
		{BFB8F213-CF2C-4DB3-B94F-BC40B35DA49D}.Release|x86.Build.0 = Release|Win32
		{D3C4E681-14F5-42DB-A5D2-69FE83626223}.Debug|Any CPU.ActiveCfg = Debug|Any CPU
		{D3C4E681-14F5-42DB-A5D2-69FE83626223}.Debug|Any CPU.Build.0 = Debug|Any CPU
		{D3C4E681-14F5-42DB-A5D2-69FE83626223}.Debug|Any CPU.Deploy.0 = Debug|Any CPU
		{D3C4E681-14F5-42DB-A5D2-69FE83626223}.Debug|x64.ActiveCfg = Debug|x64
		{D3C4E681-14F5-42DB-A5D2-69FE83626223}.Debug|x64.Build.0 = Debug|x64
		{D3C4E681-14F5-42DB-A5D2-69FE83626223}.Debug|x64.Deploy.0 = Debug|x64
		{D3C4E681-14F5-42DB-A5D2-69FE83626223}.Debug|x86.ActiveCfg = Debug|x64
		{D3C4E681-14F5-42DB-A5D2-69FE83626223}.Debug|x86.Build.0 = Debug|x64
		{D3C4E681-14F5-42DB-A5D2-69FE83626223}.Debug|x86.Deploy.0 = Debug|x64
		{D3C4E681-14F5-42DB-A5D2-69FE83626223}.Release|Any CPU.ActiveCfg = Release|Any CPU
		{D3C4E681-14F5-42DB-A5D2-69FE83626223}.Release|Any CPU.Build.0 = Release|Any CPU
		{D3C4E681-14F5-42DB-A5D2-69FE83626223}.Release|Any CPU.Deploy.0 = Release|Any CPU
		{D3C4E681-14F5-42DB-A5D2-69FE83626223}.Release|x64.ActiveCfg = Release|x64
		{D3C4E681-14F5-42DB-A5D2-69FE83626223}.Release|x64.Build.0 = Release|x64
		{D3C4E681-14F5-42DB-A5D2-69FE83626223}.Release|x64.Deploy.0 = Release|x64
		{D3C4E681-14F5-42DB-A5D2-69FE83626223}.Release|x86.ActiveCfg = Release|x86
		{D3C4E681-14F5-42DB-A5D2-69FE83626223}.Release|x86.Build.0 = Release|x86
		{D3C4E681-14F5-42DB-A5D2-69FE83626223}.Release|x86.Deploy.0 = Release|x86
		{5A28D13D-0C06-4ADB-8E0B-471F09CB1D5A}.Debug|Any CPU.ActiveCfg = Debug|Any CPU
		{5A28D13D-0C06-4ADB-8E0B-471F09CB1D5A}.Debug|Any CPU.Build.0 = Debug|Any CPU
		{5A28D13D-0C06-4ADB-8E0B-471F09CB1D5A}.Debug|Any CPU.Deploy.0 = Debug|Any CPU
		{5A28D13D-0C06-4ADB-8E0B-471F09CB1D5A}.Debug|x64.ActiveCfg = Debug|Any CPU
		{5A28D13D-0C06-4ADB-8E0B-471F09CB1D5A}.Debug|x86.ActiveCfg = Debug|x86
		{5A28D13D-0C06-4ADB-8E0B-471F09CB1D5A}.Debug|x86.Build.0 = Debug|x86
		{5A28D13D-0C06-4ADB-8E0B-471F09CB1D5A}.Debug|x86.Deploy.0 = Debug|x86
		{5A28D13D-0C06-4ADB-8E0B-471F09CB1D5A}.Release|Any CPU.ActiveCfg = Release|Any CPU
		{5A28D13D-0C06-4ADB-8E0B-471F09CB1D5A}.Release|Any CPU.Build.0 = Release|Any CPU
		{5A28D13D-0C06-4ADB-8E0B-471F09CB1D5A}.Release|Any CPU.Deploy.0 = Release|Any CPU
		{5A28D13D-0C06-4ADB-8E0B-471F09CB1D5A}.Release|x64.ActiveCfg = Release|Any CPU
		{5A28D13D-0C06-4ADB-8E0B-471F09CB1D5A}.Release|x86.ActiveCfg = Release|x86
		{5A28D13D-0C06-4ADB-8E0B-471F09CB1D5A}.Release|x86.Build.0 = Release|x86
		{5A28D13D-0C06-4ADB-8E0B-471F09CB1D5A}.Release|x86.Deploy.0 = Release|x86
		{60A7A85F-0E4F-4E03-8914-1310DE5967F4}.Debug|Any CPU.ActiveCfg = Debug|Win32
		{60A7A85F-0E4F-4E03-8914-1310DE5967F4}.Debug|x64.ActiveCfg = Debug|x64
		{60A7A85F-0E4F-4E03-8914-1310DE5967F4}.Debug|x64.Build.0 = Debug|x64
		{60A7A85F-0E4F-4E03-8914-1310DE5967F4}.Debug|x86.ActiveCfg = Debug|Win32
		{60A7A85F-0E4F-4E03-8914-1310DE5967F4}.Debug|x86.Build.0 = Debug|Win32
		{60A7A85F-0E4F-4E03-8914-1310DE5967F4}.Release|Any CPU.ActiveCfg = Release|Win32
		{60A7A85F-0E4F-4E03-8914-1310DE5967F4}.Release|x64.ActiveCfg = Release|x64
		{60A7A85F-0E4F-4E03-8914-1310DE5967F4}.Release|x64.Build.0 = Release|x64
		{60A7A85F-0E4F-4E03-8914-1310DE5967F4}.Release|x86.ActiveCfg = Release|Win32
		{60A7A85F-0E4F-4E03-8914-1310DE5967F4}.Release|x86.Build.0 = Release|Win32
		{04D7A9CC-1855-4B20-8536-7FB0233E18CF}.Debug|Any CPU.ActiveCfg = Debug|Win32
		{04D7A9CC-1855-4B20-8536-7FB0233E18CF}.Debug|x64.ActiveCfg = Debug|x64
		{04D7A9CC-1855-4B20-8536-7FB0233E18CF}.Debug|x64.Build.0 = Debug|x64
		{04D7A9CC-1855-4B20-8536-7FB0233E18CF}.Debug|x86.ActiveCfg = Debug|Win32
		{04D7A9CC-1855-4B20-8536-7FB0233E18CF}.Debug|x86.Build.0 = Debug|Win32
		{04D7A9CC-1855-4B20-8536-7FB0233E18CF}.Release|Any CPU.ActiveCfg = Release|Win32
		{04D7A9CC-1855-4B20-8536-7FB0233E18CF}.Release|x64.ActiveCfg = Release|x64
		{04D7A9CC-1855-4B20-8536-7FB0233E18CF}.Release|x64.Build.0 = Release|x64
		{04D7A9CC-1855-4B20-8536-7FB0233E18CF}.Release|x86.ActiveCfg = Release|Win32
		{04D7A9CC-1855-4B20-8536-7FB0233E18CF}.Release|x86.Build.0 = Release|Win32
		{6B6246D9-FAF2-403D-A98E-8147D695D5A1}.Debug|Any CPU.ActiveCfg = Debug|Win32
		{6B6246D9-FAF2-403D-A98E-8147D695D5A1}.Debug|x64.ActiveCfg = Debug|x64
		{6B6246D9-FAF2-403D-A98E-8147D695D5A1}.Debug|x64.Build.0 = Debug|x64
		{6B6246D9-FAF2-403D-A98E-8147D695D5A1}.Debug|x86.ActiveCfg = Debug|Win32
		{6B6246D9-FAF2-403D-A98E-8147D695D5A1}.Debug|x86.Build.0 = Debug|Win32
		{6B6246D9-FAF2-403D-A98E-8147D695D5A1}.Release|Any CPU.ActiveCfg = Release|Win32
		{6B6246D9-FAF2-403D-A98E-8147D695D5A1}.Release|x64.ActiveCfg = Release|x64
		{6B6246D9-FAF2-403D-A98E-8147D695D5A1}.Release|x64.Build.0 = Release|x64
		{6B6246D9-FAF2-403D-A98E-8147D695D5A1}.Release|x86.ActiveCfg = Release|Win32
		{6B6246D9-FAF2-403D-A98E-8147D695D5A1}.Release|x86.Build.0 = Release|Win32
	EndGlobalSection
	GlobalSection(SolutionProperties) = preSolution
		HideSolutionNode = FALSE
	EndGlobalSection
	GlobalSection(NestedProjects) = preSolution
		{7EC5B8B4-511B-4DE1-A29C-B348796EAE5B} = {059D78F8-64D8-4B11-A0FC-0DCC962F96DC}
		{D3C4E681-14F5-42DB-A5D2-69FE83626223} = {059D78F8-64D8-4B11-A0FC-0DCC962F96DC}
		{5A28D13D-0C06-4ADB-8E0B-471F09CB1D5A} = {059D78F8-64D8-4B11-A0FC-0DCC962F96DC}
	EndGlobalSection
EndGlobal
